
Microsoft Visual Studio Solution File, Format Version 12.00
# Visual Studio Version 16
VisualStudioVersion = 16.0.29102.190
MinimumVisualStudioVersion = 10.0.40219.1
Project("{FAE04EC0-301F-11D3-BF4B-00C04F79EFBC}") = "Lab final", "Lab final.csproj", "{421583D0-7576-49AA-8A06-F416A3FFC0BD}"
EndProject
Global
	GlobalSection(SolutionConfigurationPlatforms) = preSolution
		Debug|Any CPU = Debug|Any CPU
		Release|Any CPU = Release|Any CPU
	EndGlobalSection
	GlobalSection(ProjectConfigurationPlatforms) = postSolution
		{421583D0-7576-49AA-8A06-F416A3FFC0BD}.Debug|Any CPU.ActiveCfg = Debug|Any CPU
		{421583D0-7576-49AA-8A06-F416A3FFC0BD}.Debug|Any CPU.Build.0 = Debug|Any CPU
		{421583D0-7576-49AA-8A06-F416A3FFC0BD}.Release|Any CPU.ActiveCfg = Release|Any CPU
		{421583D0-7576-49AA-8A06-F416A3FFC0BD}.Release|Any CPU.Build.0 = Release|Any CPU
	EndGlobalSection
	GlobalSection(SolutionProperties) = preSolution
		HideSolutionNode = FALSE
	EndGlobalSection
	GlobalSection(ExtensibilityGlobals) = postSolution
		SolutionGuid = {B6223359-0FE7-4838-8B87-A22C46DB04D9}
	EndGlobalSection
EndGlobal
