
Microsoft Visual Studio Solution File, Format Version 12.00
# Visual Studio Version 16
VisualStudioVersion = 16.0.29201.188
MinimumVisualStudioVersion = 10.0.40219.1
Project("{FAE04EC0-301F-11D3-BF4B-00C04F79EFBC}") = "Lab 2.0", "Lab 2.0.csproj", "{28E1D132-64B5-4483-A0B5-1016301C7435}"
EndProject
Global
	GlobalSection(SolutionConfigurationPlatforms) = preSolution
		Debug|Any CPU = Debug|Any CPU
		Release|Any CPU = Release|Any CPU
	EndGlobalSection
	GlobalSection(ProjectConfigurationPlatforms) = postSolution
		{28E1D132-64B5-4483-A0B5-1016301C7435}.Debug|Any CPU.ActiveCfg = Debug|Any CPU
		{28E1D132-64B5-4483-A0B5-1016301C7435}.Debug|Any CPU.Build.0 = Debug|Any CPU
		{28E1D132-64B5-4483-A0B5-1016301C7435}.Release|Any CPU.ActiveCfg = Release|Any CPU
		{28E1D132-64B5-4483-A0B5-1016301C7435}.Release|Any CPU.Build.0 = Release|Any CPU
	EndGlobalSection
	GlobalSection(SolutionProperties) = preSolution
		HideSolutionNode = FALSE
	EndGlobalSection
	GlobalSection(ExtensibilityGlobals) = postSolution
		SolutionGuid = {12C3772F-4E89-4E2C-B4B8-F068E3657789}
	EndGlobalSection
EndGlobal
